{
  "pins" : [
    {
      "identity" : "sonosapi",
      "kind" : "remoteSourceControl",
      "location" : "https://github.com/denisblondeau/SonosAPI",
      "state" : {
        "revision" : "7ff5e143d877a4de83a6af96e64aee8c01512d86",
        "version" : "1.0.1"
      }
    }
  ],
  "version" : 2
}
