{
  "pins" : [
    {
      "identity" : "sonosapi",
      "kind" : "remoteSourceControl",
      "location" : "https://github.com/denisblondeau/SonosAPI",
      "state" : {
        "branch" : "main",
        "revision" : "6f8d40204b0cc08ab4c9857452689f79ac3f704a"
      }
    }
  ],
  "version" : 2
}
