{
  "pins" : [
    {
      "identity" : "sonosapi",
      "kind" : "remoteSourceControl",
      "location" : "https://github.com/denisblondeau/SonosAPI",
      "state" : {
        "revision" : "2a67deed0f0d909396d1cfb609b44d798f38c83c",
        "version" : "1.0.3"
      }
    }
  ],
  "version" : 2
}
