// !$*UTF8*$!
{
	archiveVersion = 1;
	classes = {
	};
	objectVersion = 56;
	objects = {

/* Begin PBXBuildFile section */
		920C04DE2B5006EF00D94D5C /* SonosAPI in Frameworks */ = {isa = PBXBuildFile; productRef = 920C04DD2B5006EF00D94D5C /* SonosAPI */; };
		92136A912B67DCB4004E05FF /* SonosAPI in Frameworks */ = {isa = PBXBuildFile; productRef = 92136A902B67DCB4004E05FF /* SonosAPI */; };
		92171F142B52B3BE00000250 /* SonosAPI in Frameworks */ = {isa = PBXBuildFile; productRef = 92171F132B52B3BE00000250 /* SonosAPI */; };
		92171F172B52B41200000250 /* SonosAPI in Frameworks */ = {isa = PBXBuildFile; productRef = 92171F162B52B41200000250 /* SonosAPI */; };
		929F737D29B6781400181D74 /* SonosAPIDemoApp.swift in Sources */ = {isa = PBXBuildFile; fileRef = 929F737C29B6781400181D74 /* SonosAPIDemoApp.swift */; };
		929F737F29B6781400181D74 /* ContentView.swift in Sources */ = {isa = PBXBuildFile; fileRef = 929F737E29B6781400181D74 /* ContentView.swift */; };
		929F738129B6781600181D74 /* Assets.xcassets in Resources */ = {isa = PBXBuildFile; fileRef = 929F738029B6781600181D74 /* Assets.xcassets */; };
		929F738429B6781600181D74 /* Preview Assets.xcassets in Resources */ = {isa = PBXBuildFile; fileRef = 929F738329B6781600181D74 /* Preview Assets.xcassets */; };
		929F738F29B67D1B00181D74 /* SonosModel.swift in Sources */ = {isa = PBXBuildFile; fileRef = 929F738E29B67D1B00181D74 /* SonosModel.swift */; };
		929F73B029B7C07100181D74 /* Sample.jpg in Resources */ = {isa = PBXBuildFile; fileRef = 929F73AF29B7C07100181D74 /* Sample.jpg */; };
		92ABB29B2B5988D900028BC2 /* LICENSE.txt in Resources */ = {isa = PBXBuildFile; fileRef = 92ABB29A2B5988D900028BC2 /* LICENSE.txt */; };
		92ABB29D2B598A4000028BC2 /* README.md in Resources */ = {isa = PBXBuildFile; fileRef = 92ABB29C2B598A4000028BC2 /* README.md */; };
		92EE6F7E2B680A0E008DD5D9 /* SonosAPI in Frameworks */ = {isa = PBXBuildFile; productRef = 92EE6F7D2B680A0E008DD5D9 /* SonosAPI */; };
		92EE6F812B683F56008DD5D9 /* SonosAPI in Frameworks */ = {isa = PBXBuildFile; productRef = 92EE6F802B683F56008DD5D9 /* SonosAPI */; };
/* End PBXBuildFile section */

/* Begin PBXFileReference section */
		929F737929B6781400181D74 /* SonosAPIDemo.app */ = {isa = PBXFileReference; explicitFileType = wrapper.application; includeInIndex = 0; path = SonosAPIDemo.app; sourceTree = BUILT_PRODUCTS_DIR; };
		929F737C29B6781400181D74 /* SonosAPIDemoApp.swift */ = {isa = PBXFileReference; lastKnownFileType = sourcecode.swift; path = SonosAPIDemoApp.swift; sourceTree = "<group>"; };
		929F737E29B6781400181D74 /* ContentView.swift */ = {isa = PBXFileReference; lastKnownFileType = sourcecode.swift; path = ContentView.swift; sourceTree = "<group>"; };
		929F738029B6781600181D74 /* Assets.xcassets */ = {isa = PBXFileReference; lastKnownFileType = folder.assetcatalog; path = Assets.xcassets; sourceTree = "<group>"; };
		929F738329B6781600181D74 /* Preview Assets.xcassets */ = {isa = PBXFileReference; lastKnownFileType = folder.assetcatalog; path = "Preview Assets.xcassets"; sourceTree = "<group>"; };
		929F738529B6781600181D74 /* SonosAPIDemo.entitlements */ = {isa = PBXFileReference; lastKnownFileType = text.plist.entitlements; path = SonosAPIDemo.entitlements; sourceTree = "<group>"; };
		929F738E29B67D1B00181D74 /* SonosModel.swift */ = {isa = PBXFileReference; lastKnownFileType = sourcecode.swift; path = SonosModel.swift; sourceTree = "<group>"; };
		929F73AF29B7C07100181D74 /* Sample.jpg */ = {isa = PBXFileReference; lastKnownFileType = image.jpeg; path = Sample.jpg; sourceTree = "<group>"; };
		92ABB29A2B5988D900028BC2 /* LICENSE.txt */ = {isa = PBXFileReference; fileEncoding = 4; lastKnownFileType = text; path = LICENSE.txt; sourceTree = "<group>"; };
		92ABB29C2B598A4000028BC2 /* README.md */ = {isa = PBXFileReference; fileEncoding = 4; lastKnownFileType = net.daringfireball.markdown; path = README.md; sourceTree = "<group>"; };
/* End PBXFileReference section */

/* Begin PBXFrameworksBuildPhase section */
		929F737629B6781400181D74 /* Frameworks */ = {
			isa = PBXFrameworksBuildPhase;
			buildActionMask = 2147483647;
			files = (
				92EE6F7E2B680A0E008DD5D9 /* SonosAPI in Frameworks */,
				92136A912B67DCB4004E05FF /* SonosAPI in Frameworks */,
				92EE6F812B683F56008DD5D9 /* SonosAPI in Frameworks */,
				92171F142B52B3BE00000250 /* SonosAPI in Frameworks */,
				920C04DE2B5006EF00D94D5C /* SonosAPI in Frameworks */,
				92171F172B52B41200000250 /* SonosAPI in Frameworks */,
			);
			runOnlyForDeploymentPostprocessing = 0;
		};
/* End PBXFrameworksBuildPhase section */

/* Begin PBXGroup section */
		929F737029B6781400181D74 = {
			isa = PBXGroup;
			children = (
				92ABB29C2B598A4000028BC2 /* README.md */,
				92ABB29A2B5988D900028BC2 /* LICENSE.txt */,
				929F73AF29B7C07100181D74 /* Sample.jpg */,
				929F737B29B6781400181D74 /* SonosAPIDemo */,
				929F737A29B6781400181D74 /* Products */,
			);
			sourceTree = "<group>";
		};
		929F737A29B6781400181D74 /* Products */ = {
			isa = PBXGroup;
			children = (
				929F737929B6781400181D74 /* SonosAPIDemo.app */,
			);
			name = Products;
			sourceTree = "<group>";
		};
		929F737B29B6781400181D74 /* SonosAPIDemo */ = {
			isa = PBXGroup;
			children = (
				929F738B29B67C2200181D74 /* Model */,
				929F737C29B6781400181D74 /* SonosAPIDemoApp.swift */,
				929F737E29B6781400181D74 /* ContentView.swift */,
				929F738029B6781600181D74 /* Assets.xcassets */,
				929F738529B6781600181D74 /* SonosAPIDemo.entitlements */,
				929F738229B6781600181D74 /* Preview Content */,
			);
			path = SonosAPIDemo;
			sourceTree = "<group>";
		};
		929F738229B6781600181D74 /* Preview Content */ = {
			isa = PBXGroup;
			children = (
				929F738329B6781600181D74 /* Preview Assets.xcassets */,
			);
			path = "Preview Content";
			sourceTree = "<group>";
		};
		929F738B29B67C2200181D74 /* Model */ = {
			isa = PBXGroup;
			children = (
				929F738E29B67D1B00181D74 /* SonosModel.swift */,
			);
			path = Model;
			sourceTree = "<group>";
		};
/* End PBXGroup section */

/* Begin PBXNativeTarget section */
		929F737829B6781400181D74 /* SonosAPIDemo */ = {
			isa = PBXNativeTarget;
			buildConfigurationList = 929F738829B6781600181D74 /* Build configuration list for PBXNativeTarget "SonosAPIDemo" */;
			buildPhases = (
				929F737529B6781400181D74 /* Sources */,
				929F737629B6781400181D74 /* Frameworks */,
				929F737729B6781400181D74 /* Resources */,
			);
			buildRules = (
			);
			dependencies = (
			);
			name = SonosAPIDemo;
			packageProductDependencies = (
				920C04DD2B5006EF00D94D5C /* SonosAPI */,
				92171F132B52B3BE00000250 /* SonosAPI */,
				92171F162B52B41200000250 /* SonosAPI */,
				92136A902B67DCB4004E05FF /* SonosAPI */,
				92EE6F7D2B680A0E008DD5D9 /* SonosAPI */,
				92EE6F802B683F56008DD5D9 /* SonosAPI */,
			);
			productName = SonosAPIDemo;
			productReference = 929F737929B6781400181D74 /* SonosAPIDemo.app */;
			productType = "com.apple.product-type.application";
		};
/* End PBXNativeTarget section */

/* Begin PBXProject section */
		929F737129B6781400181D74 /* Project object */ = {
			isa = PBXProject;
			attributes = {
				BuildIndependentTargetsInParallel = 1;
				LastSwiftUpdateCheck = 1420;
				LastUpgradeCheck = 1520;
				TargetAttributes = {
					929F737829B6781400181D74 = {
						CreatedOnToolsVersion = 14.2;
					};
				};
			};
			buildConfigurationList = 929F737429B6781400181D74 /* Build configuration list for PBXProject "SonosAPIDemo" */;
			compatibilityVersion = "Xcode 14.0";
			developmentRegion = en;
			hasScannedForEncodings = 0;
			knownRegions = (
				en,
				Base,
			);
			mainGroup = 929F737029B6781400181D74;
			packageReferences = (
				92EE6F7F2B683F56008DD5D9 /* XCRemoteSwiftPackageReference "SonosAPI" */,
			);
			productRefGroup = 929F737A29B6781400181D74 /* Products */;
			projectDirPath = "";
			projectRoot = "";
			targets = (
				929F737829B6781400181D74 /* SonosAPIDemo */,
			);
		};
/* End PBXProject section */

/* Begin PBXResourcesBuildPhase section */
		929F737729B6781400181D74 /* Resources */ = {
			isa = PBXResourcesBuildPhase;
			buildActionMask = 2147483647;
			files = (
				929F738429B6781600181D74 /* Preview Assets.xcassets in Resources */,
				929F738129B6781600181D74 /* Assets.xcassets in Resources */,
				92ABB29D2B598A4000028BC2 /* README.md in Resources */,
				92ABB29B2B5988D900028BC2 /* LICENSE.txt in Resources */,
				929F73B029B7C07100181D74 /* Sample.jpg in Resources */,
			);
			runOnlyForDeploymentPostprocessing = 0;
		};
/* End PBXResourcesBuildPhase section */

/* Begin PBXSourcesBuildPhase section */
		929F737529B6781400181D74 /* Sources */ = {
			isa = PBXSourcesBuildPhase;
			buildActionMask = 2147483647;
			files = (
				929F737F29B6781400181D74 /* ContentView.swift in Sources */,
				929F737D29B6781400181D74 /* SonosAPIDemoApp.swift in Sources */,
				929F738F29B67D1B00181D74 /* SonosModel.swift in Sources */,
			);
			runOnlyForDeploymentPostprocessing = 0;
		};
/* End PBXSourcesBuildPhase section */

/* Begin XCBuildConfiguration section */
		929F738629B6781600181D74 /* Debug */ = {
			isa = XCBuildConfiguration;
			buildSettings = {
				ALWAYS_SEARCH_USER_PATHS = NO;
				ASSETCATALOG_COMPILER_GENERATE_SWIFT_ASSET_SYMBOL_EXTENSIONS = YES;
				CLANG_ANALYZER_NONNULL = YES;
				CLANG_ANALYZER_NUMBER_OBJECT_CONVERSION = YES_AGGRESSIVE;
				CLANG_CXX_LANGUAGE_STANDARD = "gnu++20";
				CLANG_ENABLE_MODULES = YES;
				CLANG_ENABLE_OBJC_ARC = YES;
				CLANG_ENABLE_OBJC_WEAK = YES;
				CLANG_WARN_BLOCK_CAPTURE_AUTORELEASING = YES;
				CLANG_WARN_BOOL_CONVERSION = YES;
				CLANG_WARN_COMMA = YES;
				CLANG_WARN_CONSTANT_CONVERSION = YES;
				CLANG_WARN_DEPRECATED_OBJC_IMPLEMENTATIONS = YES;
				CLANG_WARN_DIRECT_OBJC_ISA_USAGE = YES_ERROR;
				CLANG_WARN_DOCUMENTATION_COMMENTS = YES;
				CLANG_WARN_EMPTY_BODY = YES;
				CLANG_WARN_ENUM_CONVERSION = YES;
				CLANG_WARN_INFINITE_RECURSION = YES;
				CLANG_WARN_INT_CONVERSION = YES;
				CLANG_WARN_NON_LITERAL_NULL_CONVERSION = YES;
				CLANG_WARN_OBJC_IMPLICIT_RETAIN_SELF = YES;
				CLANG_WARN_OBJC_LITERAL_CONVERSION = YES;
				CLANG_WARN_OBJC_ROOT_CLASS = YES_ERROR;
				CLANG_WARN_QUOTED_INCLUDE_IN_FRAMEWORK_HEADER = YES;
				CLANG_WARN_RANGE_LOOP_ANALYSIS = YES;
				CLANG_WARN_STRICT_PROTOTYPES = YES;
				CLANG_WARN_SUSPICIOUS_MOVE = YES;
				CLANG_WARN_UNGUARDED_AVAILABILITY = YES_AGGRESSIVE;
				CLANG_WARN_UNREACHABLE_CODE = YES;
				CLANG_WARN__DUPLICATE_METHOD_MATCH = YES;
				COPY_PHASE_STRIP = NO;
				DEAD_CODE_STRIPPING = YES;
				DEBUG_INFORMATION_FORMAT = dwarf;
				ENABLE_STRICT_OBJC_MSGSEND = YES;
				ENABLE_TESTABILITY = YES;
				ENABLE_USER_SCRIPT_SANDBOXING = YES;
				GCC_C_LANGUAGE_STANDARD = gnu11;
				GCC_DYNAMIC_NO_PIC = NO;
				GCC_NO_COMMON_BLOCKS = YES;
				GCC_OPTIMIZATION_LEVEL = 0;
				GCC_PREPROCESSOR_DEFINITIONS = (
					"DEBUG=1",
					"$(inherited)",
				);
				GCC_WARN_64_TO_32_BIT_CONVERSION = YES;
				GCC_WARN_ABOUT_RETURN_TYPE = YES_ERROR;
				GCC_WARN_UNDECLARED_SELECTOR = YES;
				GCC_WARN_UNINITIALIZED_AUTOS = YES_AGGRESSIVE;
				GCC_WARN_UNUSED_FUNCTION = YES;
				GCC_WARN_UNUSED_VARIABLE = YES;
				MACOSX_DEPLOYMENT_TARGET = 14.2;
				MTL_ENABLE_DEBUG_INFO = INCLUDE_SOURCE;
				MTL_FAST_MATH = YES;
				ONLY_ACTIVE_ARCH = YES;
				SDKROOT = macosx;
				SWIFT_ACTIVE_COMPILATION_CONDITIONS = DEBUG;
				SWIFT_OPTIMIZATION_LEVEL = "-Onone";
			};
			name = Debug;
		};
		929F738729B6781600181D74 /* Release */ = {
			isa = XCBuildConfiguration;
			buildSettings = {
				ALWAYS_SEARCH_USER_PATHS = NO;
				ASSETCATALOG_COMPILER_GENERATE_SWIFT_ASSET_SYMBOL_EXTENSIONS = YES;
				CLANG_ANALYZER_NONNULL = YES;
				CLANG_ANALYZER_NUMBER_OBJECT_CONVERSION = YES_AGGRESSIVE;
				CLANG_CXX_LANGUAGE_STANDARD = "gnu++20";
				CLANG_ENABLE_MODULES = YES;
				CLANG_ENABLE_OBJC_ARC = YES;
				CLANG_ENABLE_OBJC_WEAK = YES;
				CLANG_WARN_BLOCK_CAPTURE_AUTORELEASING = YES;
				CLANG_WARN_BOOL_CONVERSION = YES;
				CLANG_WARN_COMMA = YES;
				CLANG_WARN_CONSTANT_CONVERSION = YES;
				CLANG_WARN_DEPRECATED_OBJC_IMPLEMENTATIONS = YES;
				CLANG_WARN_DIRECT_OBJC_ISA_USAGE = YES_ERROR;
				CLANG_WARN_DOCUMENTATION_COMMENTS = YES;
				CLANG_WARN_EMPTY_BODY = YES;
				CLANG_WARN_ENUM_CONVERSION = YES;
				CLANG_WARN_INFINITE_RECURSION = YES;
				CLANG_WARN_INT_CONVERSION = YES;
				CLANG_WARN_NON_LITERAL_NULL_CONVERSION = YES;
				CLANG_WARN_OBJC_IMPLICIT_RETAIN_SELF = YES;
				CLANG_WARN_OBJC_LITERAL_CONVERSION = YES;
				CLANG_WARN_OBJC_ROOT_CLASS = YES_ERROR;
				CLANG_WARN_QUOTED_INCLUDE_IN_FRAMEWORK_HEADER = YES;
				CLANG_WARN_RANGE_LOOP_ANALYSIS = YES;
				CLANG_WARN_STRICT_PROTOTYPES = YES;
				CLANG_WARN_SUSPICIOUS_MOVE = YES;
				CLANG_WARN_UNGUARDED_AVAILABILITY = YES_AGGRESSIVE;
				CLANG_WARN_UNREACHABLE_CODE = YES;
				CLANG_WARN__DUPLICATE_METHOD_MATCH = YES;
				COPY_PHASE_STRIP = NO;
				DEAD_CODE_STRIPPING = YES;
				DEBUG_INFORMATION_FORMAT = "dwarf-with-dsym";
				ENABLE_NS_ASSERTIONS = NO;
				ENABLE_STRICT_OBJC_MSGSEND = YES;
				ENABLE_USER_SCRIPT_SANDBOXING = YES;
				GCC_C_LANGUAGE_STANDARD = gnu11;
				GCC_NO_COMMON_BLOCKS = YES;
				GCC_WARN_64_TO_32_BIT_CONVERSION = YES;
				GCC_WARN_ABOUT_RETURN_TYPE = YES_ERROR;
				GCC_WARN_UNDECLARED_SELECTOR = YES;
				GCC_WARN_UNINITIALIZED_AUTOS = YES_AGGRESSIVE;
				GCC_WARN_UNUSED_FUNCTION = YES;
				GCC_WARN_UNUSED_VARIABLE = YES;
				MACOSX_DEPLOYMENT_TARGET = 14.2;
				MTL_ENABLE_DEBUG_INFO = NO;
				MTL_FAST_MATH = YES;
				SDKROOT = macosx;
				SWIFT_COMPILATION_MODE = wholemodule;
				SWIFT_OPTIMIZATION_LEVEL = "-O";
			};
			name = Release;
		};
		929F738929B6781600181D74 /* Debug */ = {
			isa = XCBuildConfiguration;
			buildSettings = {
				ASSETCATALOG_COMPILER_APPICON_NAME = AppIcon;
				ASSETCATALOG_COMPILER_GLOBAL_ACCENT_COLOR_NAME = AccentColor;
				CODE_SIGN_ENTITLEMENTS = SonosAPIDemo/SonosAPIDemo.entitlements;
				CODE_SIGN_STYLE = Automatic;
				COMBINE_HIDPI_IMAGES = YES;
				CURRENT_PROJECT_VERSION = 1;
				DEAD_CODE_STRIPPING = YES;
				DEVELOPMENT_ASSET_PATHS = "\"SonosAPIDemo/Preview Content\"";
				DEVELOPMENT_TEAM = 4QRJCR224P;
				ENABLE_HARDENED_RUNTIME = YES;
				ENABLE_PREVIEWS = YES;
				GENERATE_INFOPLIST_FILE = YES;
				INFOPLIST_KEY_LSApplicationCategoryType = "public.app-category.music";
				INFOPLIST_KEY_NSHumanReadableCopyright = "";
				LD_RUNPATH_SEARCH_PATHS = (
					"$(inherited)",
					"@executable_path/../Frameworks",
				);
				MARKETING_VERSION = 1.0;
				PRODUCT_BUNDLE_IDENTIFIER = com.denisblondeau.SonosAPIDemo;
				PRODUCT_NAME = "$(TARGET_NAME)";
				SWIFT_EMIT_LOC_STRINGS = YES;
				SWIFT_VERSION = 5.0;
			};
			name = Debug;
		};
		929F738A29B6781600181D74 /* Release */ = {
			isa = XCBuildConfiguration;
			buildSettings = {
				ASSETCATALOG_COMPILER_APPICON_NAME = AppIcon;
				ASSETCATALOG_COMPILER_GLOBAL_ACCENT_COLOR_NAME = AccentColor;
				CODE_SIGN_ENTITLEMENTS = SonosAPIDemo/SonosAPIDemo.entitlements;
				CODE_SIGN_STYLE = Automatic;
				COMBINE_HIDPI_IMAGES = YES;
				CURRENT_PROJECT_VERSION = 1;
				DEAD_CODE_STRIPPING = YES;
				DEVELOPMENT_ASSET_PATHS = "\"SonosAPIDemo/Preview Content\"";
				DEVELOPMENT_TEAM = 4QRJCR224P;
				ENABLE_HARDENED_RUNTIME = YES;
				ENABLE_PREVIEWS = YES;
				GENERATE_INFOPLIST_FILE = YES;
				INFOPLIST_KEY_LSApplicationCategoryType = "public.app-category.music";
				INFOPLIST_KEY_NSHumanReadableCopyright = "";
				LD_RUNPATH_SEARCH_PATHS = (
					"$(inherited)",
					"@executable_path/../Frameworks",
				);
				MARKETING_VERSION = 1.0;
				PRODUCT_BUNDLE_IDENTIFIER = com.denisblondeau.SonosAPIDemo;
				PRODUCT_NAME = "$(TARGET_NAME)";
				SWIFT_EMIT_LOC_STRINGS = YES;
				SWIFT_VERSION = 5.0;
			};
			name = Release;
		};
/* End XCBuildConfiguration section */

/* Begin XCConfigurationList section */
		929F737429B6781400181D74 /* Build configuration list for PBXProject "SonosAPIDemo" */ = {
			isa = XCConfigurationList;
			buildConfigurations = (
				929F738629B6781600181D74 /* Debug */,
				929F738729B6781600181D74 /* Release */,
			);
			defaultConfigurationIsVisible = 0;
			defaultConfigurationName = Release;
		};
		929F738829B6781600181D74 /* Build configuration list for PBXNativeTarget "SonosAPIDemo" */ = {
			isa = XCConfigurationList;
			buildConfigurations = (
				929F738929B6781600181D74 /* Debug */,
				929F738A29B6781600181D74 /* Release */,
			);
			defaultConfigurationIsVisible = 0;
			defaultConfigurationName = Release;
		};
/* End XCConfigurationList section */

/* Begin XCRemoteSwiftPackageReference section */
		92EE6F7F2B683F56008DD5D9 /* XCRemoteSwiftPackageReference "SonosAPI" */ = {
			isa = XCRemoteSwiftPackageReference;
			repositoryURL = "https://github.com/denisblondeau/SonosAPI";
			requirement = {
				branch = main;
				kind = branch;
			};
		};
/* End XCRemoteSwiftPackageReference section */

/* Begin XCSwiftPackageProductDependency section */
		920C04DD2B5006EF00D94D5C /* SonosAPI */ = {
			isa = XCSwiftPackageProductDependency;
			productName = SonosAPI;
		};
		92136A902B67DCB4004E05FF /* SonosAPI */ = {
			isa = XCSwiftPackageProductDependency;
			productName = SonosAPI;
		};
		92171F132B52B3BE00000250 /* SonosAPI */ = {
			isa = XCSwiftPackageProductDependency;
			productName = SonosAPI;
		};
		92171F162B52B41200000250 /* SonosAPI */ = {
			isa = XCSwiftPackageProductDependency;
			productName = SonosAPI;
		};
		92EE6F7D2B680A0E008DD5D9 /* SonosAPI */ = {
			isa = XCSwiftPackageProductDependency;
			productName = SonosAPI;
		};
		92EE6F802B683F56008DD5D9 /* SonosAPI */ = {
			isa = XCSwiftPackageProductDependency;
			package = 92EE6F7F2B683F56008DD5D9 /* XCRemoteSwiftPackageReference "SonosAPI" */;
			productName = SonosAPI;
		};
/* End XCSwiftPackageProductDependency section */
	};
	rootObject = 929F737129B6781400181D74 /* Project object */;
}
